
Microsoft Visual Studio Solution File, Format Version 12.00
# Visual Studio Version 17
VisualStudioVersion = 17.7.34221.43
MinimumVisualStudioVersion = 10.0.40219.1
Project("{FAE04EC0-301F-11D3-BF4B-00C04F79EFBC}") = "BarcodeScanner", "BarcodeScanner\BarcodeScanner.csproj", "{8FAB79A0-C0A5-4ED3-A123-533EED455D3E}"
EndProject
Global
	GlobalSection(SolutionConfigurationPlatforms) = preSolution
		Debug|Any CPU = Debug|Any CPU
		Release|Any CPU = Release|Any CPU
	EndGlobalSection
	GlobalSection(ProjectConfigurationPlatforms) = postSolution
		{8FAB79A0-C0A5-4ED3-A123-533EED455D3E}.Debug|Any CPU.ActiveCfg = Debug|Any CPU
		{8FAB79A0-C0A5-4ED3-A123-533EED455D3E}.Debug|Any CPU.Build.0 = Debug|Any CPU
		{8FAB79A0-C0A5-4ED3-A123-533EED455D3E}.Release|Any CPU.ActiveCfg = Release|Any CPU
		{8FAB79A0-C0A5-4ED3-A123-533EED455D3E}.Release|Any CPU.Build.0 = Release|Any CPU
	EndGlobalSection
	GlobalSection(SolutionProperties) = preSolution
		HideSolutionNode = FALSE
	EndGlobalSection
	GlobalSection(ExtensibilityGlobals) = postSolution
		SolutionGuid = {D59CEB25-F01F-4DCF-95D0-ED95410D5D04}
	EndGlobalSection
EndGlobal
